{
	"name": "@martinporto/small-node-lib",
	"version": "1.0.2",
	"lockfileVersion": 3,
	"requires": true,
	"packages": {
		"": {
			"name": "@martinporto/small-node-lib",
			"version": "1.0.2",
			"license": "MIT",
			"dependencies": {
				"@martinporto/small-node-lib": "^1.0.1"
			}
		},
		"node_modules/@martinporto/small-node-lib": {
			"version": "1.0.1",
			"resolved": "https://registry.npmjs.org/@martinporto/small-node-lib/-/small-node-lib-1.0.1.tgz",
			"integrity": "sha512-MFxyB2JmSMf+yUlIyqJVSIxDkIV9wuWFLPWy2MeVzJQK9tCe/whgm7wCQ3kdOmbSQfhDpvI7LBCDQ+PQyrAcMA==",
			"license": "MIT"
		}
	}
}
